# This file is automatically @generated by Cargo.
# It is not intended for manual editing.
version = 3

[[package]]
name = "collection_macros"
version = "0.2.0"
source = "registry+https://github.com/rust-lang/crates.io-index"
checksum = "50b180e6a75e306052a61658f832b4fc565a6e5a204da05f0fe7f50a31fb827a"

[[package]]
name = "day5"
version = "0.1.0"
dependencies = [
 "collection_macros",
]
